
Microsoft Visual Studio Solution File, Format Version 12.00
# Visual Studio Version 17
VisualStudioVersion = 17.3.32825.248
MinimumVisualStudioVersion = 10.0.40219.1
Project("{FAE04EC0-301F-11D3-BF4B-00C04F79EFBC}") = "Task1", "Task1\Task1.csproj", "{7514E123-85C7-4257-8A96-C2ED8CDEC1C2}"
EndProject
Project("{FAE04EC0-301F-11D3-BF4B-00C04F79EFBC}") = "Task2", "Task2\Task2.csproj", "{22C56DD7-890A-44AD-AD8F-9DA99AFD55D0}"
EndProject
Global
	GlobalSection(SolutionConfigurationPlatforms) = preSolution
		Debug|Any CPU = Debug|Any CPU
		Release|Any CPU = Release|Any CPU
	EndGlobalSection
	GlobalSection(ProjectConfigurationPlatforms) = postSolution
		{7514E123-85C7-4257-8A96-C2ED8CDEC1C2}.Debug|Any CPU.ActiveCfg = Debug|Any CPU
		{7514E123-85C7-4257-8A96-C2ED8CDEC1C2}.Debug|Any CPU.Build.0 = Debug|Any CPU
		{7514E123-85C7-4257-8A96-C2ED8CDEC1C2}.Release|Any CPU.ActiveCfg = Release|Any CPU
		{7514E123-85C7-4257-8A96-C2ED8CDEC1C2}.Release|Any CPU.Build.0 = Release|Any CPU
		{22C56DD7-890A-44AD-AD8F-9DA99AFD55D0}.Debug|Any CPU.ActiveCfg = Debug|Any CPU
		{22C56DD7-890A-44AD-AD8F-9DA99AFD55D0}.Debug|Any CPU.Build.0 = Debug|Any CPU
		{22C56DD7-890A-44AD-AD8F-9DA99AFD55D0}.Release|Any CPU.ActiveCfg = Release|Any CPU
		{22C56DD7-890A-44AD-AD8F-9DA99AFD55D0}.Release|Any CPU.Build.0 = Release|Any CPU
	EndGlobalSection
	GlobalSection(SolutionProperties) = preSolution
		HideSolutionNode = FALSE
	EndGlobalSection
	GlobalSection(ExtensibilityGlobals) = postSolution
		SolutionGuid = {A94003A7-F6F6-4B17-91E3-4A81EDBD5499}
	EndGlobalSection
EndGlobal
